// !$*UTF8*$!
{
	archiveVersion = 1;
	classes = {
	};
	objectVersion = 50;
	objects = {

/* Begin PBXBuildFile section */
		2CCEF5DB23894C10002194D4 /* AppDelegate.swift in Sources */ = {isa = PBXBuildFile; fileRef = 2CCEF5DA23894C10002194D4 /* AppDelegate.swift */; };
		2CCEF5DD23894C10002194D4 /* SceneDelegate.swift in Sources */ = {isa = PBXBuildFile; fileRef = 2CCEF5DC23894C10002194D4 /* SceneDelegate.swift */; };
		2CCEF5DF23894C10002194D4 /* ContentView.swift in Sources */ = {isa = PBXBuildFile; fileRef = 2CCEF5DE23894C10002194D4 /* ContentView.swift */; };
		2CCEF5E123894C15002194D4 /* Assets.xcassets in Resources */ = {isa = PBXBuildFile; fileRef = 2CCEF5E023894C15002194D4 /* Assets.xcassets */; };
		2CCEF5E423894C15002194D4 /* Preview Assets.xcassets in Resources */ = {isa = PBXBuildFile; fileRef = 2CCEF5E323894C15002194D4 /* Preview Assets.xcassets */; };
		2CCEF5E723894C15002194D4 /* LaunchScreen.storyboard in Resources */ = {isa = PBXBuildFile; fileRef = 2CCEF5E523894C15002194D4 /* LaunchScreen.storyboard */; };
		2CCEF60B23894CA8002194D4 /* LogicSample.swift in Sources */ = {isa = PBXBuildFile; fileRef = 2CCEF60A23894CA8002194D4 /* LogicSample.swift */; };
		2CCEF60D23894EF3002194D4 /* LogicSampleTests.swift in Sources */ = {isa = PBXBuildFile; fileRef = 2CCEF60C23894EF3002194D4 /* LogicSampleTests.swift */; };
/* End PBXBuildFile section */

/* Begin PBXContainerItemProxy section */
		2CCEF5EE23894C15002194D4 /* PBXContainerItemProxy */ = {
			isa = PBXContainerItemProxy;
			containerPortal = 2CCEF5CF23894C10002194D4 /* Project object */;
			proxyType = 1;
			remoteGlobalIDString = 2CCEF5D623894C10002194D4;
			remoteInfo = PrameterizedTestSample;
		};
/* End PBXContainerItemProxy section */

/* Begin PBXFileReference section */
		2CCEF5D723894C10002194D4 /* PrameterizedTestSample.app */ = {isa = PBXFileReference; explicitFileType = wrapper.application; includeInIndex = 0; path = PrameterizedTestSample.app; sourceTree = BUILT_PRODUCTS_DIR; };
		2CCEF5DA23894C10002194D4 /* AppDelegate.swift */ = {isa = PBXFileReference; lastKnownFileType = sourcecode.swift; path = AppDelegate.swift; sourceTree = "<group>"; };
		2CCEF5DC23894C10002194D4 /* SceneDelegate.swift */ = {isa = PBXFileReference; lastKnownFileType = sourcecode.swift; path = SceneDelegate.swift; sourceTree = "<group>"; };
		2CCEF5DE23894C10002194D4 /* ContentView.swift */ = {isa = PBXFileReference; lastKnownFileType = sourcecode.swift; path = ContentView.swift; sourceTree = "<group>"; };
		2CCEF5E023894C15002194D4 /* Assets.xcassets */ = {isa = PBXFileReference; lastKnownFileType = folder.assetcatalog; path = Assets.xcassets; sourceTree = "<group>"; };
		2CCEF5E323894C15002194D4 /* Preview Assets.xcassets */ = {isa = PBXFileReference; lastKnownFileType = folder.assetcatalog; path = "Preview Assets.xcassets"; sourceTree = "<group>"; };
		2CCEF5E623894C15002194D4 /* Base */ = {isa = PBXFileReference; lastKnownFileType = file.storyboard; name = Base; path = Base.lproj/LaunchScreen.storyboard; sourceTree = "<group>"; };
		2CCEF5E823894C15002194D4 /* Info.plist */ = {isa = PBXFileReference; lastKnownFileType = text.plist.xml; path = Info.plist; sourceTree = "<group>"; };
		2CCEF5ED23894C15002194D4 /* PrameterizedTestSampleTests.xctest */ = {isa = PBXFileReference; explicitFileType = wrapper.cfbundle; includeInIndex = 0; path = PrameterizedTestSampleTests.xctest; sourceTree = BUILT_PRODUCTS_DIR; };
		2CCEF5F323894C15002194D4 /* Info.plist */ = {isa = PBXFileReference; lastKnownFileType = text.plist.xml; path = Info.plist; sourceTree = "<group>"; };
		2CCEF60A23894CA8002194D4 /* LogicSample.swift */ = {isa = PBXFileReference; lastKnownFileType = sourcecode.swift; path = LogicSample.swift; sourceTree = "<group>"; };
		2CCEF60C23894EF3002194D4 /* LogicSampleTests.swift */ = {isa = PBXFileReference; lastKnownFileType = sourcecode.swift; path = LogicSampleTests.swift; sourceTree = "<group>"; };
/* End PBXFileReference section */

/* Begin PBXFrameworksBuildPhase section */
		2CCEF5D423894C10002194D4 /* Frameworks */ = {
			isa = PBXFrameworksBuildPhase;
			buildActionMask = 2147483647;
			files = (
			);
			runOnlyForDeploymentPostprocessing = 0;
		};
		2CCEF5EA23894C15002194D4 /* Frameworks */ = {
			isa = PBXFrameworksBuildPhase;
			buildActionMask = 2147483647;
			files = (
			);
			runOnlyForDeploymentPostprocessing = 0;
		};
/* End PBXFrameworksBuildPhase section */

/* Begin PBXGroup section */
		2CCEF5CE23894C0F002194D4 = {
			isa = PBXGroup;
			children = (
				2CCEF5D923894C10002194D4 /* PrameterizedTestSample */,
				2CCEF5F023894C15002194D4 /* PrameterizedTestSampleTests */,
				2CCEF5D823894C10002194D4 /* Products */,
			);
			sourceTree = "<group>";
		};
		2CCEF5D823894C10002194D4 /* Products */ = {
			isa = PBXGroup;
			children = (
				2CCEF5D723894C10002194D4 /* PrameterizedTestSample.app */,
				2CCEF5ED23894C15002194D4 /* PrameterizedTestSampleTests.xctest */,
			);
			name = Products;
			sourceTree = "<group>";
		};
		2CCEF5D923894C10002194D4 /* PrameterizedTestSample */ = {
			isa = PBXGroup;
			children = (
				2CCEF5DA23894C10002194D4 /* AppDelegate.swift */,
				2CCEF5DC23894C10002194D4 /* SceneDelegate.swift */,
				2CCEF5DE23894C10002194D4 /* ContentView.swift */,
				2CCEF5E023894C15002194D4 /* Assets.xcassets */,
				2CCEF5E523894C15002194D4 /* LaunchScreen.storyboard */,
				2CCEF5E823894C15002194D4 /* Info.plist */,
				2CCEF5E223894C15002194D4 /* Preview Content */,
				2CCEF60A23894CA8002194D4 /* LogicSample.swift */,
			);
			path = PrameterizedTestSample;
			sourceTree = "<group>";
		};
		2CCEF5E223894C15002194D4 /* Preview Content */ = {
			isa = PBXGroup;
			children = (
				2CCEF5E323894C15002194D4 /* Preview Assets.xcassets */,
			);
			path = "Preview Content";
			sourceTree = "<group>";
		};
		2CCEF5F023894C15002194D4 /* PrameterizedTestSampleTests */ = {
			isa = PBXGroup;
			children = (
				2CCEF5F323894C15002194D4 /* Info.plist */,
				2CCEF60C23894EF3002194D4 /* LogicSampleTests.swift */,
			);
			path = PrameterizedTestSampleTests;
			sourceTree = "<group>";
		};
/* End PBXGroup section */

/* Begin PBXNativeTarget section */
		2CCEF5D623894C10002194D4 /* PrameterizedTestSample */ = {
			isa = PBXNativeTarget;
			buildConfigurationList = 2CCEF60123894C15002194D4 /* Build configuration list for PBXNativeTarget "PrameterizedTestSample" */;
			buildPhases = (
				2CCEF5D323894C10002194D4 /* Sources */,
				2CCEF5D423894C10002194D4 /* Frameworks */,
				2CCEF5D523894C10002194D4 /* Resources */,
			);
			buildRules = (
			);
			dependencies = (
			);
			name = PrameterizedTestSample;
			productName = PrameterizedTestSample;
			productReference = 2CCEF5D723894C10002194D4 /* PrameterizedTestSample.app */;
			productType = "com.apple.product-type.application";
		};
		2CCEF5EC23894C15002194D4 /* PrameterizedTestSampleTests */ = {
			isa = PBXNativeTarget;
			buildConfigurationList = 2CCEF60423894C15002194D4 /* Build configuration list for PBXNativeTarget "PrameterizedTestSampleTests" */;
			buildPhases = (
				2CCEF5E923894C15002194D4 /* Sources */,
				2CCEF5EA23894C15002194D4 /* Frameworks */,
				2CCEF5EB23894C15002194D4 /* Resources */,
			);
			buildRules = (
			);
			dependencies = (
				2CCEF5EF23894C15002194D4 /* PBXTargetDependency */,
			);
			name = PrameterizedTestSampleTests;
			productName = PrameterizedTestSampleTests;
			productReference = 2CCEF5ED23894C15002194D4 /* PrameterizedTestSampleTests.xctest */;
			productType = "com.apple.product-type.bundle.unit-test";
		};
/* End PBXNativeTarget section */

/* Begin PBXProject section */
		2CCEF5CF23894C10002194D4 /* Project object */ = {
			isa = PBXProject;
			attributes = {
				LastSwiftUpdateCheck = 1100;
				LastUpgradeCheck = 1100;
				ORGANIZATIONNAME = "THE Uhooi";
				TargetAttributes = {
					2CCEF5D623894C10002194D4 = {
						CreatedOnToolsVersion = 11.0;
					};
					2CCEF5EC23894C15002194D4 = {
						CreatedOnToolsVersion = 11.0;
						LastSwiftMigration = 1100;
						TestTargetID = 2CCEF5D623894C10002194D4;
					};
				};
			};
			buildConfigurationList = 2CCEF5D223894C10002194D4 /* Build configuration list for PBXProject "PrameterizedTestSample" */;
			compatibilityVersion = "Xcode 9.3";
			developmentRegion = en;
			hasScannedForEncodings = 0;
			knownRegions = (
				en,
				Base,
			);
			mainGroup = 2CCEF5CE23894C0F002194D4;
			productRefGroup = 2CCEF5D823894C10002194D4 /* Products */;
			projectDirPath = "";
			projectRoot = "";
			targets = (
				2CCEF5D623894C10002194D4 /* PrameterizedTestSample */,
				2CCEF5EC23894C15002194D4 /* PrameterizedTestSampleTests */,
			);
		};
/* End PBXProject section */

/* Begin PBXResourcesBuildPhase section */
		2CCEF5D523894C10002194D4 /* Resources */ = {
			isa = PBXResourcesBuildPhase;
			buildActionMask = 2147483647;
			files = (
				2CCEF5E723894C15002194D4 /* LaunchScreen.storyboard in Resources */,
				2CCEF5E423894C15002194D4 /* Preview Assets.xcassets in Resources */,
				2CCEF5E123894C15002194D4 /* Assets.xcassets in Resources */,
			);
			runOnlyForDeploymentPostprocessing = 0;
		};
		2CCEF5EB23894C15002194D4 /* Resources */ = {
			isa = PBXResourcesBuildPhase;
			buildActionMask = 2147483647;
			files = (
			);
			runOnlyForDeploymentPostprocessing = 0;
		};
/* End PBXResourcesBuildPhase section */

/* Begin PBXSourcesBuildPhase section */
		2CCEF5D323894C10002194D4 /* Sources */ = {
			isa = PBXSourcesBuildPhase;
			buildActionMask = 2147483647;
			files = (
				2CCEF60B23894CA8002194D4 /* LogicSample.swift in Sources */,
				2CCEF5DB23894C10002194D4 /* AppDelegate.swift in Sources */,
				2CCEF5DD23894C10002194D4 /* SceneDelegate.swift in Sources */,
				2CCEF5DF23894C10002194D4 /* ContentView.swift in Sources */,
			);
			runOnlyForDeploymentPostprocessing = 0;
		};
		2CCEF5E923894C15002194D4 /* Sources */ = {
			isa = PBXSourcesBuildPhase;
			buildActionMask = 2147483647;
			files = (
				2CCEF60D23894EF3002194D4 /* LogicSampleTests.swift in Sources */,
			);
			runOnlyForDeploymentPostprocessing = 0;
		};
/* End PBXSourcesBuildPhase section */

/* Begin PBXTargetDependency section */
		2CCEF5EF23894C15002194D4 /* PBXTargetDependency */ = {
			isa = PBXTargetDependency;
			target = 2CCEF5D623894C10002194D4 /* PrameterizedTestSample */;
			targetProxy = 2CCEF5EE23894C15002194D4 /* PBXContainerItemProxy */;
		};
/* End PBXTargetDependency section */

/* Begin PBXVariantGroup section */
		2CCEF5E523894C15002194D4 /* LaunchScreen.storyboard */ = {
			isa = PBXVariantGroup;
			children = (
				2CCEF5E623894C15002194D4 /* Base */,
			);
			name = LaunchScreen.storyboard;
			sourceTree = "<group>";
		};
/* End PBXVariantGroup section */

/* Begin XCBuildConfiguration section */
		2CCEF5FF23894C15002194D4 /* Debug */ = {
			isa = XCBuildConfiguration;
			buildSettings = {
				ALWAYS_SEARCH_USER_PATHS = NO;
				CLANG_ANALYZER_NONNULL = YES;
				CLANG_ANALYZER_NUMBER_OBJECT_CONVERSION = YES_AGGRESSIVE;
				CLANG_CXX_LANGUAGE_STANDARD = "gnu++14";
				CLANG_CXX_LIBRARY = "libc++";
				CLANG_ENABLE_MODULES = YES;
				CLANG_ENABLE_OBJC_ARC = YES;
				CLANG_ENABLE_OBJC_WEAK = YES;
				CLANG_WARN_BLOCK_CAPTURE_AUTORELEASING = YES;
				CLANG_WARN_BOOL_CONVERSION = YES;
				CLANG_WARN_COMMA = YES;
				CLANG_WARN_CONSTANT_CONVERSION = YES;
				CLANG_WARN_DEPRECATED_OBJC_IMPLEMENTATIONS = YES;
				CLANG_WARN_DIRECT_OBJC_ISA_USAGE = YES_ERROR;
				CLANG_WARN_DOCUMENTATION_COMMENTS = YES;
				CLANG_WARN_EMPTY_BODY = YES;
				CLANG_WARN_ENUM_CONVERSION = YES;
				CLANG_WARN_INFINITE_RECURSION = YES;
				CLANG_WARN_INT_CONVERSION = YES;
				CLANG_WARN_NON_LITERAL_NULL_CONVERSION = YES;
				CLANG_WARN_OBJC_IMPLICIT_RETAIN_SELF = YES;
				CLANG_WARN_OBJC_LITERAL_CONVERSION = YES;
				CLANG_WARN_OBJC_ROOT_CLASS = YES_ERROR;
				CLANG_WARN_RANGE_LOOP_ANALYSIS = YES;
				CLANG_WARN_STRICT_PROTOTYPES = YES;
				CLANG_WARN_SUSPICIOUS_MOVE = YES;
				CLANG_WARN_UNGUARDED_AVAILABILITY = YES_AGGRESSIVE;
				CLANG_WARN_UNREACHABLE_CODE = YES;
				CLANG_WARN__DUPLICATE_METHOD_MATCH = YES;
				COPY_PHASE_STRIP = NO;
				DEBUG_INFORMATION_FORMAT = dwarf;
				ENABLE_STRICT_OBJC_MSGSEND = YES;
				ENABLE_TESTABILITY = YES;
				GCC_C_LANGUAGE_STANDARD = gnu11;
				GCC_DYNAMIC_NO_PIC = NO;
				GCC_NO_COMMON_BLOCKS = YES;
				GCC_OPTIMIZATION_LEVEL = 0;
				GCC_PREPROCESSOR_DEFINITIONS = (
					"DEBUG=1",
					"$(inherited)",
				);
				GCC_WARN_64_TO_32_BIT_CONVERSION = YES;
				GCC_WARN_ABOUT_RETURN_TYPE = YES_ERROR;
				GCC_WARN_UNDECLARED_SELECTOR = YES;
				GCC_WARN_UNINITIALIZED_AUTOS = YES_AGGRESSIVE;
				GCC_WARN_UNUSED_FUNCTION = YES;
				GCC_WARN_UNUSED_VARIABLE = YES;
				IPHONEOS_DEPLOYMENT_TARGET = 13.0;
				MTL_ENABLE_DEBUG_INFO = INCLUDE_SOURCE;
				MTL_FAST_MATH = YES;
				ONLY_ACTIVE_ARCH = YES;
				SDKROOT = iphoneos;
				SWIFT_ACTIVE_COMPILATION_CONDITIONS = DEBUG;
				SWIFT_OPTIMIZATION_LEVEL = "-Onone";
			};
			name = Debug;
		};
		2CCEF60023894C15002194D4 /* Release */ = {
			isa = XCBuildConfiguration;
			buildSettings = {
				ALWAYS_SEARCH_USER_PATHS = NO;
				CLANG_ANALYZER_NONNULL = YES;
				CLANG_ANALYZER_NUMBER_OBJECT_CONVERSION = YES_AGGRESSIVE;
				CLANG_CXX_LANGUAGE_STANDARD = "gnu++14";
				CLANG_CXX_LIBRARY = "libc++";
				CLANG_ENABLE_MODULES = YES;
				CLANG_ENABLE_OBJC_ARC = YES;
				CLANG_ENABLE_OBJC_WEAK = YES;
				CLANG_WARN_BLOCK_CAPTURE_AUTORELEASING = YES;
				CLANG_WARN_BOOL_CONVERSION = YES;
				CLANG_WARN_COMMA = YES;
				CLANG_WARN_CONSTANT_CONVERSION = YES;
				CLANG_WARN_DEPRECATED_OBJC_IMPLEMENTATIONS = YES;
				CLANG_WARN_DIRECT_OBJC_ISA_USAGE = YES_ERROR;
				CLANG_WARN_DOCUMENTATION_COMMENTS = YES;
				CLANG_WARN_EMPTY_BODY = YES;
				CLANG_WARN_ENUM_CONVERSION = YES;
				CLANG_WARN_INFINITE_RECURSION = YES;
				CLANG_WARN_INT_CONVERSION = YES;
				CLANG_WARN_NON_LITERAL_NULL_CONVERSION = YES;
				CLANG_WARN_OBJC_IMPLICIT_RETAIN_SELF = YES;
				CLANG_WARN_OBJC_LITERAL_CONVERSION = YES;
				CLANG_WARN_OBJC_ROOT_CLASS = YES_ERROR;
				CLANG_WARN_RANGE_LOOP_ANALYSIS = YES;
				CLANG_WARN_STRICT_PROTOTYPES = YES;
				CLANG_WARN_SUSPICIOUS_MOVE = YES;
				CLANG_WARN_UNGUARDED_AVAILABILITY = YES_AGGRESSIVE;
				CLANG_WARN_UNREACHABLE_CODE = YES;
				CLANG_WARN__DUPLICATE_METHOD_MATCH = YES;
				COPY_PHASE_STRIP = NO;
				DEBUG_INFORMATION_FORMAT = "dwarf-with-dsym";
				ENABLE_NS_ASSERTIONS = NO;
				ENABLE_STRICT_OBJC_MSGSEND = YES;
				GCC_C_LANGUAGE_STANDARD = gnu11;
				GCC_NO_COMMON_BLOCKS = YES;
				GCC_WARN_64_TO_32_BIT_CONVERSION = YES;
				GCC_WARN_ABOUT_RETURN_TYPE = YES_ERROR;
				GCC_WARN_UNDECLARED_SELECTOR = YES;
				GCC_WARN_UNINITIALIZED_AUTOS = YES_AGGRESSIVE;
				GCC_WARN_UNUSED_FUNCTION = YES;
				GCC_WARN_UNUSED_VARIABLE = YES;
				IPHONEOS_DEPLOYMENT_TARGET = 13.0;
				MTL_ENABLE_DEBUG_INFO = NO;
				MTL_FAST_MATH = YES;
				SDKROOT = iphoneos;
				SWIFT_COMPILATION_MODE = wholemodule;
				SWIFT_OPTIMIZATION_LEVEL = "-O";
				VALIDATE_PRODUCT = YES;
			};
			name = Release;
		};
		2CCEF60223894C15002194D4 /* Debug */ = {
			isa = XCBuildConfiguration;
			buildSettings = {
				ASSETCATALOG_COMPILER_APPICON_NAME = AppIcon;
				CODE_SIGN_STYLE = Automatic;
				DEVELOPMENT_ASSET_PATHS = "\"PrameterizedTestSample/Preview Content\"";
				DEVELOPMENT_TEAM = 47E56DYP3N;
				ENABLE_PREVIEWS = YES;
				INFOPLIST_FILE = PrameterizedTestSample/Info.plist;
				LD_RUNPATH_SEARCH_PATHS = (
					"$(inherited)",
					"@executable_path/Frameworks",
				);
				PRODUCT_BUNDLE_IDENTIFIER = com.theuhooi.PrameterizedTestSample;
				PRODUCT_NAME = "$(TARGET_NAME)";
				SWIFT_VERSION = 5.0;
				TARGETED_DEVICE_FAMILY = "1,2";
			};
			name = Debug;
		};
		2CCEF60323894C15002194D4 /* Release */ = {
			isa = XCBuildConfiguration;
			buildSettings = {
				ASSETCATALOG_COMPILER_APPICON_NAME = AppIcon;
				CODE_SIGN_STYLE = Automatic;
				DEVELOPMENT_ASSET_PATHS = "\"PrameterizedTestSample/Preview Content\"";
				DEVELOPMENT_TEAM = 47E56DYP3N;
				ENABLE_PREVIEWS = YES;
				INFOPLIST_FILE = PrameterizedTestSample/Info.plist;
				LD_RUNPATH_SEARCH_PATHS = (
					"$(inherited)",
					"@executable_path/Frameworks",
				);
				PRODUCT_BUNDLE_IDENTIFIER = com.theuhooi.PrameterizedTestSample;
				PRODUCT_NAME = "$(TARGET_NAME)";
				SWIFT_VERSION = 5.0;
				TARGETED_DEVICE_FAMILY = "1,2";
			};
			name = Release;
		};
		2CCEF60523894C15002194D4 /* Debug */ = {
			isa = XCBuildConfiguration;
			buildSettings = {
				ALWAYS_EMBED_SWIFT_STANDARD_LIBRARIES = YES;
				BUNDLE_LOADER = "$(TEST_HOST)";
				CLANG_ENABLE_MODULES = YES;
				CODE_SIGN_STYLE = Automatic;
				DEVELOPMENT_TEAM = 47E56DYP3N;
				INFOPLIST_FILE = PrameterizedTestSampleTests/Info.plist;
				IPHONEOS_DEPLOYMENT_TARGET = 13.0;
				LD_RUNPATH_SEARCH_PATHS = (
					"$(inherited)",
					"@executable_path/Frameworks",
					"@loader_path/Frameworks",
				);
				PRODUCT_BUNDLE_IDENTIFIER = com.theuhooi.PrameterizedTestSampleTests;
				PRODUCT_NAME = "$(TARGET_NAME)";
				SWIFT_OPTIMIZATION_LEVEL = "-Onone";
				SWIFT_VERSION = 5.0;
				TARGETED_DEVICE_FAMILY = "1,2";
				TEST_HOST = "$(BUILT_PRODUCTS_DIR)/PrameterizedTestSample.app/PrameterizedTestSample";
			};
			name = Debug;
		};
		2CCEF60623894C15002194D4 /* Release */ = {
			isa = XCBuildConfiguration;
			buildSettings = {
				ALWAYS_EMBED_SWIFT_STANDARD_LIBRARIES = YES;
				BUNDLE_LOADER = "$(TEST_HOST)";
				CLANG_ENABLE_MODULES = YES;
				CODE_SIGN_STYLE = Automatic;
				DEVELOPMENT_TEAM = 47E56DYP3N;
				INFOPLIST_FILE = PrameterizedTestSampleTests/Info.plist;
				IPHONEOS_DEPLOYMENT_TARGET = 13.0;
				LD_RUNPATH_SEARCH_PATHS = (
					"$(inherited)",
					"@executable_path/Frameworks",
					"@loader_path/Frameworks",
				);
				PRODUCT_BUNDLE_IDENTIFIER = com.theuhooi.PrameterizedTestSampleTests;
				PRODUCT_NAME = "$(TARGET_NAME)";
				SWIFT_VERSION = 5.0;
				TARGETED_DEVICE_FAMILY = "1,2";
				TEST_HOST = "$(BUILT_PRODUCTS_DIR)/PrameterizedTestSample.app/PrameterizedTestSample";
			};
			name = Release;
		};
/* End XCBuildConfiguration section */

/* Begin XCConfigurationList section */
		2CCEF5D223894C10002194D4 /* Build configuration list for PBXProject "PrameterizedTestSample" */ = {
			isa = XCConfigurationList;
			buildConfigurations = (
				2CCEF5FF23894C15002194D4 /* Debug */,
				2CCEF60023894C15002194D4 /* Release */,
			);
			defaultConfigurationIsVisible = 0;
			defaultConfigurationName = Release;
		};
		2CCEF60123894C15002194D4 /* Build configuration list for PBXNativeTarget "PrameterizedTestSample" */ = {
			isa = XCConfigurationList;
			buildConfigurations = (
				2CCEF60223894C15002194D4 /* Debug */,
				2CCEF60323894C15002194D4 /* Release */,
			);
			defaultConfigurationIsVisible = 0;
			defaultConfigurationName = Release;
		};
		2CCEF60423894C15002194D4 /* Build configuration list for PBXNativeTarget "PrameterizedTestSampleTests" */ = {
			isa = XCConfigurationList;
			buildConfigurations = (
				2CCEF60523894C15002194D4 /* Debug */,
				2CCEF60623894C15002194D4 /* Release */,
			);
			defaultConfigurationIsVisible = 0;
			defaultConfigurationName = Release;
		};
/* End XCConfigurationList section */
	};
	rootObject = 2CCEF5CF23894C10002194D4 /* Project object */;
}
